
Microsoft Visual Studio Solution File, Format Version 12.00
# Visual Studio Version 17
VisualStudioVersion = 17.13.35825.156 d17.13
MinimumVisualStudioVersion = 10.0.40219.1
Project("{8BC9CEB8-8B4A-11D0-8D11-00A0C91BC942}") = "FibbonachiLib", "FibbonachiLib\FibbonachiLib.vcxproj", "{F13180BF-A823-4866-A8B6-BBCDDBA40C53}"
EndProject
Project("{8BC9CEB8-8B4A-11D0-8D11-00A0C91BC942}") = "FibbonachiTest", "FibbonachiTest\FibbonachiTest.vcxproj", "{E1A5E61B-116F-4AF2-84E7-EF54152D7B74}"
EndProject
Global
	GlobalSection(SolutionConfigurationPlatforms) = preSolution
		Debug|x64 = Debug|x64
		Debug|x86 = Debug|x86
		Release|x64 = Release|x64
		Release|x86 = Release|x86
	EndGlobalSection
	GlobalSection(ProjectConfigurationPlatforms) = postSolution
		{F13180BF-A823-4866-A8B6-BBCDDBA40C53}.Debug|x64.ActiveCfg = Debug|x64
		{F13180BF-A823-4866-A8B6-BBCDDBA40C53}.Debug|x64.Build.0 = Debug|x64
		{F13180BF-A823-4866-A8B6-BBCDDBA40C53}.Debug|x86.ActiveCfg = Debug|Win32
		{F13180BF-A823-4866-A8B6-BBCDDBA40C53}.Debug|x86.Build.0 = Debug|Win32
		{F13180BF-A823-4866-A8B6-BBCDDBA40C53}.Release|x64.ActiveCfg = Release|x64
		{F13180BF-A823-4866-A8B6-BBCDDBA40C53}.Release|x64.Build.0 = Release|x64
		{F13180BF-A823-4866-A8B6-BBCDDBA40C53}.Release|x86.ActiveCfg = Release|Win32
		{F13180BF-A823-4866-A8B6-BBCDDBA40C53}.Release|x86.Build.0 = Release|Win32
		{E1A5E61B-116F-4AF2-84E7-EF54152D7B74}.Debug|x64.ActiveCfg = Debug|x64
		{E1A5E61B-116F-4AF2-84E7-EF54152D7B74}.Debug|x64.Build.0 = Debug|x64
		{E1A5E61B-116F-4AF2-84E7-EF54152D7B74}.Debug|x86.ActiveCfg = Debug|Win32
		{E1A5E61B-116F-4AF2-84E7-EF54152D7B74}.Debug|x86.Build.0 = Debug|Win32
		{E1A5E61B-116F-4AF2-84E7-EF54152D7B74}.Release|x64.ActiveCfg = Release|x64
		{E1A5E61B-116F-4AF2-84E7-EF54152D7B74}.Release|x64.Build.0 = Release|x64
		{E1A5E61B-116F-4AF2-84E7-EF54152D7B74}.Release|x86.ActiveCfg = Release|Win32
		{E1A5E61B-116F-4AF2-84E7-EF54152D7B74}.Release|x86.Build.0 = Release|Win32
	EndGlobalSection
	GlobalSection(SolutionProperties) = preSolution
		HideSolutionNode = FALSE
	EndGlobalSection
	GlobalSection(ExtensibilityGlobals) = postSolution
		SolutionGuid = {B52193D0-3016-4295-BBF5-25B6186C0D15}
	EndGlobalSection
EndGlobal
