
Microsoft Visual Studio Solution File, Format Version 12.00
# Visual Studio Version 17
VisualStudioVersion = 17.14.36623.8
MinimumVisualStudioVersion = 10.0.40219.1
Project("{8BC9CEB8-8B4A-11D0-8D11-00A0C91BC942}") = "BMPBasic", "BMPBasic\BMPBasic.vcxproj", "{04968EE2-7193-410C-8D41-3D149938806F}"
EndProject
Project("{8BC9CEB8-8B4A-11D0-8D11-00A0C91BC942}") = "SFML_test", "SFML_test\SFML_test.vcxproj", "{424C0879-A60B-4872-BFB5-205E5EA7D822}"
EndProject
Project("{8BC9CEB8-8B4A-11D0-8D11-00A0C91BC942}") = "StringLengthTest", "StringLengthTest\StringLengthTest.vcxproj", "{4107B9F5-BBBA-49F7-BA04-527F9EFD7C1A}"
EndProject
Project("{8BC9CEB8-8B4A-11D0-8D11-00A0C91BC942}") = "StringLengthTest1", "StringLengthTest1\StringLengthTest1.vcxproj", "{E2B19588-D955-4490-BF6C-160E0686A7F9}"
EndProject
Project("{8BC9CEB8-8B4A-11D0-8D11-00A0C91BC942}") = "BMPOutput", "BMPOutput\BMPOutput.vcxproj", "{7D502DE4-C52A-4947-8BC1-B8B067A56B33}"
EndProject
Global
	GlobalSection(SolutionConfigurationPlatforms) = preSolution
		Debug|x64 = Debug|x64
		Debug|x86 = Debug|x86
		Release|x64 = Release|x64
		Release|x86 = Release|x86
	EndGlobalSection
	GlobalSection(ProjectConfigurationPlatforms) = postSolution
		{04968EE2-7193-410C-8D41-3D149938806F}.Debug|x64.ActiveCfg = Debug|x64
		{04968EE2-7193-410C-8D41-3D149938806F}.Debug|x64.Build.0 = Debug|x64
		{04968EE2-7193-410C-8D41-3D149938806F}.Debug|x86.ActiveCfg = Debug|Win32
		{04968EE2-7193-410C-8D41-3D149938806F}.Debug|x86.Build.0 = Debug|Win32
		{04968EE2-7193-410C-8D41-3D149938806F}.Release|x64.ActiveCfg = Release|x64
		{04968EE2-7193-410C-8D41-3D149938806F}.Release|x64.Build.0 = Release|x64
		{04968EE2-7193-410C-8D41-3D149938806F}.Release|x86.ActiveCfg = Release|Win32
		{04968EE2-7193-410C-8D41-3D149938806F}.Release|x86.Build.0 = Release|Win32
		{424C0879-A60B-4872-BFB5-205E5EA7D822}.Debug|x64.ActiveCfg = Debug|x64
		{424C0879-A60B-4872-BFB5-205E5EA7D822}.Debug|x64.Build.0 = Debug|x64
		{424C0879-A60B-4872-BFB5-205E5EA7D822}.Debug|x86.ActiveCfg = Debug|Win32
		{424C0879-A60B-4872-BFB5-205E5EA7D822}.Debug|x86.Build.0 = Debug|Win32
		{424C0879-A60B-4872-BFB5-205E5EA7D822}.Release|x64.ActiveCfg = Release|x64
		{424C0879-A60B-4872-BFB5-205E5EA7D822}.Release|x64.Build.0 = Release|x64
		{424C0879-A60B-4872-BFB5-205E5EA7D822}.Release|x86.ActiveCfg = Release|Win32
		{424C0879-A60B-4872-BFB5-205E5EA7D822}.Release|x86.Build.0 = Release|Win32
		{4107B9F5-BBBA-49F7-BA04-527F9EFD7C1A}.Debug|x64.ActiveCfg = Debug|x64
		{4107B9F5-BBBA-49F7-BA04-527F9EFD7C1A}.Debug|x64.Build.0 = Debug|x64
		{4107B9F5-BBBA-49F7-BA04-527F9EFD7C1A}.Debug|x86.ActiveCfg = Debug|Win32
		{4107B9F5-BBBA-49F7-BA04-527F9EFD7C1A}.Debug|x86.Build.0 = Debug|Win32
		{4107B9F5-BBBA-49F7-BA04-527F9EFD7C1A}.Release|x64.ActiveCfg = Release|x64
		{4107B9F5-BBBA-49F7-BA04-527F9EFD7C1A}.Release|x64.Build.0 = Release|x64
		{4107B9F5-BBBA-49F7-BA04-527F9EFD7C1A}.Release|x86.ActiveCfg = Release|Win32
		{4107B9F5-BBBA-49F7-BA04-527F9EFD7C1A}.Release|x86.Build.0 = Release|Win32
		{E2B19588-D955-4490-BF6C-160E0686A7F9}.Debug|x64.ActiveCfg = Debug|x64
		{E2B19588-D955-4490-BF6C-160E0686A7F9}.Debug|x64.Build.0 = Debug|x64
		{E2B19588-D955-4490-BF6C-160E0686A7F9}.Debug|x86.ActiveCfg = Debug|Win32
		{E2B19588-D955-4490-BF6C-160E0686A7F9}.Debug|x86.Build.0 = Debug|Win32
		{E2B19588-D955-4490-BF6C-160E0686A7F9}.Release|x64.ActiveCfg = Release|x64
		{E2B19588-D955-4490-BF6C-160E0686A7F9}.Release|x64.Build.0 = Release|x64
		{E2B19588-D955-4490-BF6C-160E0686A7F9}.Release|x86.ActiveCfg = Release|Win32
		{E2B19588-D955-4490-BF6C-160E0686A7F9}.Release|x86.Build.0 = Release|Win32
		{7D502DE4-C52A-4947-8BC1-B8B067A56B33}.Debug|x64.ActiveCfg = Debug|x64
		{7D502DE4-C52A-4947-8BC1-B8B067A56B33}.Debug|x64.Build.0 = Debug|x64
		{7D502DE4-C52A-4947-8BC1-B8B067A56B33}.Debug|x86.ActiveCfg = Debug|Win32
		{7D502DE4-C52A-4947-8BC1-B8B067A56B33}.Debug|x86.Build.0 = Debug|Win32
		{7D502DE4-C52A-4947-8BC1-B8B067A56B33}.Release|x64.ActiveCfg = Release|x64
		{7D502DE4-C52A-4947-8BC1-B8B067A56B33}.Release|x64.Build.0 = Release|x64
		{7D502DE4-C52A-4947-8BC1-B8B067A56B33}.Release|x86.ActiveCfg = Release|Win32
		{7D502DE4-C52A-4947-8BC1-B8B067A56B33}.Release|x86.Build.0 = Release|Win32
	EndGlobalSection
	GlobalSection(SolutionProperties) = preSolution
		HideSolutionNode = FALSE
	EndGlobalSection
	GlobalSection(ExtensibilityGlobals) = postSolution
		SolutionGuid = {54BAE8A9-C8A4-494D-8054-B150CDDF0338}
	EndGlobalSection
EndGlobal
